
Microsoft Visual Studio Solution File, Format Version 12.00
# Visual Studio Version 16
VisualStudioVersion = 16.0.29613.14
MinimumVisualStudioVersion = 10.0.40219.1
Project("{FAE04EC0-301F-11D3-BF4B-00C04F79EFBC}") = "Final_Project", "Final_Project\Final_Project.csproj", "{7CBB9602-6E85-40E9-8BFD-C7BDDAC02C97}"
EndProject
Global
	GlobalSection(SolutionConfigurationPlatforms) = preSolution
		Debug|Any CPU = Debug|Any CPU
		Release|Any CPU = Release|Any CPU
	EndGlobalSection
	GlobalSection(ProjectConfigurationPlatforms) = postSolution
		{7CBB9602-6E85-40E9-8BFD-C7BDDAC02C97}.Debug|Any CPU.ActiveCfg = Debug|Any CPU
		{7CBB9602-6E85-40E9-8BFD-C7BDDAC02C97}.Debug|Any CPU.Build.0 = Debug|Any CPU
		{7CBB9602-6E85-40E9-8BFD-C7BDDAC02C97}.Release|Any CPU.ActiveCfg = Release|Any CPU
		{7CBB9602-6E85-40E9-8BFD-C7BDDAC02C97}.Release|Any CPU.Build.0 = Release|Any CPU
	EndGlobalSection
	GlobalSection(SolutionProperties) = preSolution
		HideSolutionNode = FALSE
	EndGlobalSection
	GlobalSection(ExtensibilityGlobals) = postSolution
		SolutionGuid = {C098DF2B-9D68-4A34-B4A7-722519FCFD77}
	EndGlobalSection
EndGlobal
